
Microsoft Visual Studio Solution File, Format Version 12.00
# Visual Studio Version 17
VisualStudioVersion = 17.6.33829.357
MinimumVisualStudioVersion = 10.0.40219.1
Project("{2150E333-8FDC-42A3-9474-1A3956D46DE8}") = "Engine", "Engine", "{75030009-0E69-4B0F-8496-BC313F216BC2}"
EndProject
Project("{2150E333-8FDC-42A3-9474-1A3956D46DE8}") = "Game", "Game", "{49C24BE1-12FF-4C98-B1F8-E7F8DDD09A4C}"
EndProject
Project("{8BC9CEB8-8B4A-11D0-8D11-00A0C91BC942}") = "Audio", "Source\Engine\Audio\Audio.vcxproj", "{EBDA8F6E-3543-44E4-9BB8-61695DC2081B}"
EndProject
Project("{8BC9CEB8-8B4A-11D0-8D11-00A0C91BC942}") = "Core", "Source\Engine\Core\Core.vcxproj", "{796F01CD-3A78-48E2-91F6-D316F564B864}"
EndProject
Project("{8BC9CEB8-8B4A-11D0-8D11-00A0C91BC942}") = "Framework", "Source\Engine\Framework\Framework.vcxproj", "{6C87259E-F752-4AF0-BB3E-5879667584C0}"
EndProject
Project("{8BC9CEB8-8B4A-11D0-8D11-00A0C91BC942}") = "Input", "Source\Engine\Input\Input.vcxproj", "{51E9C0AB-2A1C-49C7-9DD4-3FE74CA56077}"
EndProject
Project("{8BC9CEB8-8B4A-11D0-8D11-00A0C91BC942}") = "Renderer", "Source\Engine\Renderer\Renderer.vcxproj", "{7F434907-7122-4D29-A48F-9A5F2066135A}"
EndProject
Project("{8BC9CEB8-8B4A-11D0-8D11-00A0C91BC942}") = "Game", "Source\Game\Game\Game.vcxproj", "{C4E02687-955B-4187-8B4C-DBECAE80DB2F}"
EndProject
Project("{8BC9CEB8-8B4A-11D0-8D11-00A0C91BC942}") = "Physics", "Source\Engine\Physics\Physics.vcxproj", "{7D61DF27-CC76-4DDC-9169-5759844794ED}"
EndProject
Project("{8BC9CEB8-8B4A-11D0-8D11-00A0C91BC942}") = "PlatformGame", "Source\Game\PlatformGame\PlatformGame.vcxproj", "{317F7067-C0BA-403D-846F-CBC6C4E6781C}"
EndProject
Global
	GlobalSection(SolutionConfigurationPlatforms) = preSolution
		Debug|x64 = Debug|x64
		Debug|x86 = Debug|x86
		Release|x64 = Release|x64
		Release|x86 = Release|x86
	EndGlobalSection
	GlobalSection(ProjectConfigurationPlatforms) = postSolution
		{EBDA8F6E-3543-44E4-9BB8-61695DC2081B}.Debug|x64.ActiveCfg = Debug|x64
		{EBDA8F6E-3543-44E4-9BB8-61695DC2081B}.Debug|x64.Build.0 = Debug|x64
		{EBDA8F6E-3543-44E4-9BB8-61695DC2081B}.Debug|x86.ActiveCfg = Debug|Win32
		{EBDA8F6E-3543-44E4-9BB8-61695DC2081B}.Debug|x86.Build.0 = Debug|Win32
		{EBDA8F6E-3543-44E4-9BB8-61695DC2081B}.Release|x64.ActiveCfg = Release|x64
		{EBDA8F6E-3543-44E4-9BB8-61695DC2081B}.Release|x64.Build.0 = Release|x64
		{EBDA8F6E-3543-44E4-9BB8-61695DC2081B}.Release|x86.ActiveCfg = Release|Win32
		{EBDA8F6E-3543-44E4-9BB8-61695DC2081B}.Release|x86.Build.0 = Release|Win32
		{796F01CD-3A78-48E2-91F6-D316F564B864}.Debug|x64.ActiveCfg = Debug|x64
		{796F01CD-3A78-48E2-91F6-D316F564B864}.Debug|x64.Build.0 = Debug|x64
		{796F01CD-3A78-48E2-91F6-D316F564B864}.Debug|x86.ActiveCfg = Debug|Win32
		{796F01CD-3A78-48E2-91F6-D316F564B864}.Debug|x86.Build.0 = Debug|Win32
		{796F01CD-3A78-48E2-91F6-D316F564B864}.Release|x64.ActiveCfg = Release|x64
		{796F01CD-3A78-48E2-91F6-D316F564B864}.Release|x64.Build.0 = Release|x64
		{796F01CD-3A78-48E2-91F6-D316F564B864}.Release|x86.ActiveCfg = Release|Win32
		{796F01CD-3A78-48E2-91F6-D316F564B864}.Release|x86.Build.0 = Release|Win32
		{6C87259E-F752-4AF0-BB3E-5879667584C0}.Debug|x64.ActiveCfg = Debug|x64
		{6C87259E-F752-4AF0-BB3E-5879667584C0}.Debug|x64.Build.0 = Debug|x64
		{6C87259E-F752-4AF0-BB3E-5879667584C0}.Debug|x86.ActiveCfg = Debug|Win32
		{6C87259E-F752-4AF0-BB3E-5879667584C0}.Debug|x86.Build.0 = Debug|Win32
		{6C87259E-F752-4AF0-BB3E-5879667584C0}.Release|x64.ActiveCfg = Release|x64
		{6C87259E-F752-4AF0-BB3E-5879667584C0}.Release|x64.Build.0 = Release|x64
		{6C87259E-F752-4AF0-BB3E-5879667584C0}.Release|x86.ActiveCfg = Release|Win32
		{6C87259E-F752-4AF0-BB3E-5879667584C0}.Release|x86.Build.0 = Release|Win32
		{51E9C0AB-2A1C-49C7-9DD4-3FE74CA56077}.Debug|x64.ActiveCfg = Debug|x64
		{51E9C0AB-2A1C-49C7-9DD4-3FE74CA56077}.Debug|x64.Build.0 = Debug|x64
		{51E9C0AB-2A1C-49C7-9DD4-3FE74CA56077}.Debug|x86.ActiveCfg = Debug|Win32
		{51E9C0AB-2A1C-49C7-9DD4-3FE74CA56077}.Debug|x86.Build.0 = Debug|Win32
		{51E9C0AB-2A1C-49C7-9DD4-3FE74CA56077}.Release|x64.ActiveCfg = Release|x64
		{51E9C0AB-2A1C-49C7-9DD4-3FE74CA56077}.Release|x64.Build.0 = Release|x64
		{51E9C0AB-2A1C-49C7-9DD4-3FE74CA56077}.Release|x86.ActiveCfg = Release|Win32
		{51E9C0AB-2A1C-49C7-9DD4-3FE74CA56077}.Release|x86.Build.0 = Release|Win32
		{7F434907-7122-4D29-A48F-9A5F2066135A}.Debug|x64.ActiveCfg = Debug|x64
		{7F434907-7122-4D29-A48F-9A5F2066135A}.Debug|x64.Build.0 = Debug|x64
		{7F434907-7122-4D29-A48F-9A5F2066135A}.Debug|x86.ActiveCfg = Debug|Win32
		{7F434907-7122-4D29-A48F-9A5F2066135A}.Debug|x86.Build.0 = Debug|Win32
		{7F434907-7122-4D29-A48F-9A5F2066135A}.Release|x64.ActiveCfg = Release|x64
		{7F434907-7122-4D29-A48F-9A5F2066135A}.Release|x64.Build.0 = Release|x64
		{7F434907-7122-4D29-A48F-9A5F2066135A}.Release|x86.ActiveCfg = Release|Win32
		{7F434907-7122-4D29-A48F-9A5F2066135A}.Release|x86.Build.0 = Release|Win32
		{C4E02687-955B-4187-8B4C-DBECAE80DB2F}.Debug|x64.ActiveCfg = Debug|x64
		{C4E02687-955B-4187-8B4C-DBECAE80DB2F}.Debug|x64.Build.0 = Debug|x64
		{C4E02687-955B-4187-8B4C-DBECAE80DB2F}.Debug|x86.ActiveCfg = Debug|Win32
		{C4E02687-955B-4187-8B4C-DBECAE80DB2F}.Debug|x86.Build.0 = Debug|Win32
		{C4E02687-955B-4187-8B4C-DBECAE80DB2F}.Release|x64.ActiveCfg = Release|x64
		{C4E02687-955B-4187-8B4C-DBECAE80DB2F}.Release|x64.Build.0 = Release|x64
		{C4E02687-955B-4187-8B4C-DBECAE80DB2F}.Release|x86.ActiveCfg = Release|Win32
		{C4E02687-955B-4187-8B4C-DBECAE80DB2F}.Release|x86.Build.0 = Release|Win32
		{7D61DF27-CC76-4DDC-9169-5759844794ED}.Debug|x64.ActiveCfg = Debug|x64
		{7D61DF27-CC76-4DDC-9169-5759844794ED}.Debug|x64.Build.0 = Debug|x64
		{7D61DF27-CC76-4DDC-9169-5759844794ED}.Debug|x86.ActiveCfg = Debug|Win32
		{7D61DF27-CC76-4DDC-9169-5759844794ED}.Debug|x86.Build.0 = Debug|Win32
		{7D61DF27-CC76-4DDC-9169-5759844794ED}.Release|x64.ActiveCfg = Release|x64
		{7D61DF27-CC76-4DDC-9169-5759844794ED}.Release|x64.Build.0 = Release|x64
		{7D61DF27-CC76-4DDC-9169-5759844794ED}.Release|x86.ActiveCfg = Release|Win32
		{7D61DF27-CC76-4DDC-9169-5759844794ED}.Release|x86.Build.0 = Release|Win32
		{317F7067-C0BA-403D-846F-CBC6C4E6781C}.Debug|x64.ActiveCfg = Debug|x64
		{317F7067-C0BA-403D-846F-CBC6C4E6781C}.Debug|x64.Build.0 = Debug|x64
		{317F7067-C0BA-403D-846F-CBC6C4E6781C}.Debug|x86.ActiveCfg = Debug|Win32
		{317F7067-C0BA-403D-846F-CBC6C4E6781C}.Debug|x86.Build.0 = Debug|Win32
		{317F7067-C0BA-403D-846F-CBC6C4E6781C}.Release|x64.ActiveCfg = Release|x64
		{317F7067-C0BA-403D-846F-CBC6C4E6781C}.Release|x64.Build.0 = Release|x64
		{317F7067-C0BA-403D-846F-CBC6C4E6781C}.Release|x86.ActiveCfg = Release|Win32
		{317F7067-C0BA-403D-846F-CBC6C4E6781C}.Release|x86.Build.0 = Release|Win32
	EndGlobalSection
	GlobalSection(SolutionProperties) = preSolution
		HideSolutionNode = FALSE
	EndGlobalSection
	GlobalSection(NestedProjects) = preSolution
		{EBDA8F6E-3543-44E4-9BB8-61695DC2081B} = {75030009-0E69-4B0F-8496-BC313F216BC2}
		{796F01CD-3A78-48E2-91F6-D316F564B864} = {75030009-0E69-4B0F-8496-BC313F216BC2}
		{6C87259E-F752-4AF0-BB3E-5879667584C0} = {75030009-0E69-4B0F-8496-BC313F216BC2}
		{51E9C0AB-2A1C-49C7-9DD4-3FE74CA56077} = {75030009-0E69-4B0F-8496-BC313F216BC2}
		{7F434907-7122-4D29-A48F-9A5F2066135A} = {75030009-0E69-4B0F-8496-BC313F216BC2}
		{C4E02687-955B-4187-8B4C-DBECAE80DB2F} = {49C24BE1-12FF-4C98-B1F8-E7F8DDD09A4C}
		{7D61DF27-CC76-4DDC-9169-5759844794ED} = {75030009-0E69-4B0F-8496-BC313F216BC2}
		{317F7067-C0BA-403D-846F-CBC6C4E6781C} = {49C24BE1-12FF-4C98-B1F8-E7F8DDD09A4C}
	EndGlobalSection
	GlobalSection(ExtensibilityGlobals) = postSolution
		SolutionGuid = {F37E46DB-0372-42F1-89DC-13BBA1C2529B}
	EndGlobalSection
EndGlobal
